// !$*UTF8*$!
{
	archiveVersion = 1;
	classes = {
	};
	objectVersion = 46;
	objects = {

/* Begin PBXBuildFile section */
		01B8BD4F1D6822A1007CB50C /* main.m in Sources */ = {isa = PBXBuildFile; fileRef = 01B8BD4E1D6822A1007CB50C /* main.m */; };
		01B8BD521D6822A1007CB50C /* AppDelegate.m in Sources */ = {isa = PBXBuildFile; fileRef = 01B8BD511D6822A1007CB50C /* AppDelegate.m */; };
		01B8BD551D6822A1007CB50C /* ViewController.m in Sources */ = {isa = PBXBuildFile; fileRef = 01B8BD541D6822A1007CB50C /* ViewController.m */; };
		01B8BD581D6822A1007CB50C /* Main.storyboard in Resources */ = {isa = PBXBuildFile; fileRef = 01B8BD561D6822A1007CB50C /* Main.storyboard */; };
		01B8BD5A1D6822A1007CB50C /* Assets.xcassets in Resources */ = {isa = PBXBuildFile; fileRef = 01B8BD591D6822A1007CB50C /* Assets.xcassets */; };
		01B8BD5D1D6822A1007CB50C /* LaunchScreen.storyboard in Resources */ = {isa = PBXBuildFile; fileRef = 01B8BD5B1D6822A1007CB50C /* LaunchScreen.storyboard */; };
		01B8BD681D6822A1007CB50C /* GitTestTests.m in Sources */ = {isa = PBXBuildFile; fileRef = 01B8BD671D6822A1007CB50C /* GitTestTests.m */; };
		01B8BD731D6822A1007CB50C /* GitTestUITests.m in Sources */ = {isa = PBXBuildFile; fileRef = 01B8BD721D6822A1007CB50C /* GitTestUITests.m */; };

		01B8BD821D682718007CB50C /* TestView.m in Sources */ = {isa = PBXBuildFile; fileRef = 01B8BD811D682718007CB50C /* TestView.m */; };

		38F043E41D6826D900A33B3F /* TableViewCell.m in Sources */ = {isa = PBXBuildFile; fileRef = 38F043E31D6826D900A33B3F /* TableViewCell.m */; };

/* End PBXBuildFile section */

/* Begin PBXContainerItemProxy section */
		01B8BD641D6822A1007CB50C /* PBXContainerItemProxy */ = {
			isa = PBXContainerItemProxy;
			containerPortal = 01B8BD421D6822A0007CB50C /* Project object */;
			proxyType = 1;
			remoteGlobalIDString = 01B8BD491D6822A0007CB50C;
			remoteInfo = GitTest;
		};
		01B8BD6F1D6822A1007CB50C /* PBXContainerItemProxy */ = {
			isa = PBXContainerItemProxy;
			containerPortal = 01B8BD421D6822A0007CB50C /* Project object */;
			proxyType = 1;
			remoteGlobalIDString = 01B8BD491D6822A0007CB50C;
			remoteInfo = GitTest;
		};
/* End PBXContainerItemProxy section */

/* Begin PBXFileReference section */
		01B8BD4A1D6822A0007CB50C /* GitTest.app */ = {isa = PBXFileReference; explicitFileType = wrapper.application; includeInIndex = 0; path = GitTest.app; sourceTree = BUILT_PRODUCTS_DIR; };
		01B8BD4E1D6822A1007CB50C /* main.m */ = {isa = PBXFileReference; lastKnownFileType = sourcecode.c.objc; path = main.m; sourceTree = "<group>"; };
		01B8BD501D6822A1007CB50C /* AppDelegate.h */ = {isa = PBXFileReference; lastKnownFileType = sourcecode.c.h; path = AppDelegate.h; sourceTree = "<group>"; };
		01B8BD511D6822A1007CB50C /* AppDelegate.m */ = {isa = PBXFileReference; lastKnownFileType = sourcecode.c.objc; path = AppDelegate.m; sourceTree = "<group>"; };
		01B8BD531D6822A1007CB50C /* ViewController.h */ = {isa = PBXFileReference; lastKnownFileType = sourcecode.c.h; path = ViewController.h; sourceTree = "<group>"; };
		01B8BD541D6822A1007CB50C /* ViewController.m */ = {isa = PBXFileReference; lastKnownFileType = sourcecode.c.objc; path = ViewController.m; sourceTree = "<group>"; };
		01B8BD571D6822A1007CB50C /* Base */ = {isa = PBXFileReference; lastKnownFileType = file.storyboard; name = Base; path = Base.lproj/Main.storyboard; sourceTree = "<group>"; };
		01B8BD591D6822A1007CB50C /* Assets.xcassets */ = {isa = PBXFileReference; lastKnownFileType = folder.assetcatalog; path = Assets.xcassets; sourceTree = "<group>"; };
		01B8BD5C1D6822A1007CB50C /* Base */ = {isa = PBXFileReference; lastKnownFileType = file.storyboard; name = Base; path = Base.lproj/LaunchScreen.storyboard; sourceTree = "<group>"; };
		01B8BD5E1D6822A1007CB50C /* Info.plist */ = {isa = PBXFileReference; lastKnownFileType = text.plist.xml; path = Info.plist; sourceTree = "<group>"; };
		01B8BD631D6822A1007CB50C /* GitTestTests.xctest */ = {isa = PBXFileReference; explicitFileType = wrapper.cfbundle; includeInIndex = 0; path = GitTestTests.xctest; sourceTree = BUILT_PRODUCTS_DIR; };
		01B8BD671D6822A1007CB50C /* GitTestTests.m */ = {isa = PBXFileReference; lastKnownFileType = sourcecode.c.objc; path = GitTestTests.m; sourceTree = "<group>"; };
		01B8BD691D6822A1007CB50C /* Info.plist */ = {isa = PBXFileReference; lastKnownFileType = text.plist.xml; path = Info.plist; sourceTree = "<group>"; };
		01B8BD6E1D6822A1007CB50C /* GitTestUITests.xctest */ = {isa = PBXFileReference; explicitFileType = wrapper.cfbundle; includeInIndex = 0; path = GitTestUITests.xctest; sourceTree = BUILT_PRODUCTS_DIR; };
		01B8BD721D6822A1007CB50C /* GitTestUITests.m */ = {isa = PBXFileReference; lastKnownFileType = sourcecode.c.objc; path = GitTestUITests.m; sourceTree = "<group>"; };
		01B8BD741D6822A1007CB50C /* Info.plist */ = {isa = PBXFileReference; lastKnownFileType = text.plist.xml; path = Info.plist; sourceTree = "<group>"; };

		01B8BD801D682718007CB50C /* TestView.h */ = {isa = PBXFileReference; fileEncoding = 4; lastKnownFileType = sourcecode.c.h; path = TestView.h; sourceTree = "<group>"; };
		01B8BD811D682718007CB50C /* TestView.m */ = {isa = PBXFileReference; fileEncoding = 4; lastKnownFileType = sourcecode.c.objc; path = TestView.m; sourceTree = "<group>"; };

		38F043E21D6826D900A33B3F /* TableViewCell.h */ = {isa = PBXFileReference; fileEncoding = 4; lastKnownFileType = sourcecode.c.h; path = TableViewCell.h; sourceTree = "<group>"; };
		38F043E31D6826D900A33B3F /* TableViewCell.m */ = {isa = PBXFileReference; fileEncoding = 4; lastKnownFileType = sourcecode.c.objc; path = TableViewCell.m; sourceTree = "<group>"; };

/* End PBXFileReference section */

/* Begin PBXFrameworksBuildPhase section */
		01B8BD471D6822A0007CB50C /* Frameworks */ = {
			isa = PBXFrameworksBuildPhase;
			buildActionMask = 2147483647;
			files = (
			);
			runOnlyForDeploymentPostprocessing = 0;
		};
		01B8BD601D6822A1007CB50C /* Frameworks */ = {
			isa = PBXFrameworksBuildPhase;
			buildActionMask = 2147483647;
			files = (
			);
			runOnlyForDeploymentPostprocessing = 0;
		};
		01B8BD6B1D6822A1007CB50C /* Frameworks */ = {
			isa = PBXFrameworksBuildPhase;
			buildActionMask = 2147483647;
			files = (
			);
			runOnlyForDeploymentPostprocessing = 0;
		};
/* End PBXFrameworksBuildPhase section */

/* Begin PBXGroup section */
		01B8BD411D6822A0007CB50C = {
			isa = PBXGroup;
			children = (
				01B8BD4C1D6822A1007CB50C /* GitTest */,
				01B8BD661D6822A1007CB50C /* GitTestTests */,
				01B8BD711D6822A1007CB50C /* GitTestUITests */,
				01B8BD4B1D6822A0007CB50C /* Products */,
			);
			sourceTree = "<group>";
		};
		01B8BD4B1D6822A0007CB50C /* Products */ = {
			isa = PBXGroup;
			children = (
				01B8BD4A1D6822A0007CB50C /* GitTest.app */,
				01B8BD631D6822A1007CB50C /* GitTestTests.xctest */,
				01B8BD6E1D6822A1007CB50C /* GitTestUITests.xctest */,
			);
			name = Products;
			sourceTree = "<group>";
		};
		01B8BD4C1D6822A1007CB50C /* GitTest */ = {
			isa = PBXGroup;
			children = (
				01B8BD501D6822A1007CB50C /* AppDelegate.h */,
				01B8BD511D6822A1007CB50C /* AppDelegate.m */,
				01B8BD531D6822A1007CB50C /* ViewController.h */,
				01B8BD541D6822A1007CB50C /* ViewController.m */,
				01B8BD561D6822A1007CB50C /* Main.storyboard */,
				01B8BD591D6822A1007CB50C /* Assets.xcassets */,
				01B8BD5B1D6822A1007CB50C /* LaunchScreen.storyboard */,
				01B8BD5E1D6822A1007CB50C /* Info.plist */,
				01B8BD4D1D6822A1007CB50C /* Supporting Files */,
			);
			path = GitTest;
			sourceTree = "<group>";
		};
		01B8BD4D1D6822A1007CB50C /* Supporting Files */ = {
			isa = PBXGroup;
			children = (
				01B8BD4E1D6822A1007CB50C /* main.m */,
			);
			name = "Supporting Files";
			sourceTree = "<group>";
		};
		01B8BD661D6822A1007CB50C /* GitTestTests */ = {
			isa = PBXGroup;
			children = (
				01B8BD671D6822A1007CB50C /* GitTestTests.m */,
				01B8BD691D6822A1007CB50C /* Info.plist */,
			);
			path = GitTestTests;
			sourceTree = "<group>";
		};
		01B8BD711D6822A1007CB50C /* GitTestUITests */ = {
			isa = PBXGroup;
			children = (
				01B8BD721D6822A1007CB50C /* GitTestUITests.m */,
				01B8BD741D6822A1007CB50C /* Info.plist */,
			);
			path = GitTestUITests;
			sourceTree = "<group>";
		};
/* End PBXGroup section */

/* Begin PBXNativeTarget section */
		01B8BD491D6822A0007CB50C /* GitTest */ = {
			isa = PBXNativeTarget;
			buildConfigurationList = 01B8BD771D6822A1007CB50C /* Build configuration list for PBXNativeTarget "GitTest" */;
			buildPhases = (
				01B8BD461D6822A0007CB50C /* Sources */,
				01B8BD471D6822A0007CB50C /* Frameworks */,
				01B8BD481D6822A0007CB50C /* Resources */,
			);
			buildRules = (
			);
			dependencies = (
			);
			name = GitTest;
			productName = GitTest;
			productReference = 01B8BD4A1D6822A0007CB50C /* GitTest.app */;
			productType = "com.apple.product-type.application";
		};
		01B8BD621D6822A1007CB50C /* GitTestTests */ = {
			isa = PBXNativeTarget;
			buildConfigurationList = 01B8BD7A1D6822A1007CB50C /* Build configuration list for PBXNativeTarget "GitTestTests" */;
			buildPhases = (
				01B8BD5F1D6822A1007CB50C /* Sources */,
				01B8BD601D6822A1007CB50C /* Frameworks */,
				01B8BD611D6822A1007CB50C /* Resources */,
			);
			buildRules = (
			);
			dependencies = (
				01B8BD651D6822A1007CB50C /* PBXTargetDependency */,
			);
			name = GitTestTests;
			productName = GitTestTests;
			productReference = 01B8BD631D6822A1007CB50C /* GitTestTests.xctest */;
			productType = "com.apple.product-type.bundle.unit-test";
		};
		01B8BD6D1D6822A1007CB50C /* GitTestUITests */ = {
			isa = PBXNativeTarget;
			buildConfigurationList = 01B8BD7D1D6822A1007CB50C /* Build configuration list for PBXNativeTarget "GitTestUITests" */;
			buildPhases = (
				01B8BD6A1D6822A1007CB50C /* Sources */,
				01B8BD6B1D6822A1007CB50C /* Frameworks */,
				01B8BD6C1D6822A1007CB50C /* Resources */,
			);
			buildRules = (
			);
			dependencies = (
				01B8BD701D6822A1007CB50C /* PBXTargetDependency */,
			);
			name = GitTestUITests;
			productName = GitTestUITests;
			productReference = 01B8BD6E1D6822A1007CB50C /* GitTestUITests.xctest */;
			productType = "com.apple.product-type.bundle.ui-testing";
		};
/* End PBXNativeTarget section */

/* Begin PBXProject section */
		01B8BD421D6822A0007CB50C /* Project object */ = {
			isa = PBXProject;
			attributes = {
				LastUpgradeCheck = 0730;
				ORGANIZATIONNAME = QYER;
				TargetAttributes = {
					01B8BD491D6822A0007CB50C = {
						CreatedOnToolsVersion = 7.3.1;
					};
					01B8BD621D6822A1007CB50C = {
						CreatedOnToolsVersion = 7.3.1;
						TestTargetID = 01B8BD491D6822A0007CB50C;
					};
					01B8BD6D1D6822A1007CB50C = {
						CreatedOnToolsVersion = 7.3.1;
						TestTargetID = 01B8BD491D6822A0007CB50C;
					};
				};
			};
			buildConfigurationList = 01B8BD451D6822A0007CB50C /* Build configuration list for PBXProject "GitTest" */;
			compatibilityVersion = "Xcode 3.2";
			developmentRegion = English;
			hasScannedForEncodings = 0;
			knownRegions = (
				en,
				Base,
			);
			mainGroup = 01B8BD411D6822A0007CB50C;
			productRefGroup = 01B8BD4B1D6822A0007CB50C /* Products */;
			projectDirPath = "";
			projectRoot = "";
			targets = (
				01B8BD491D6822A0007CB50C /* GitTest */,
				01B8BD621D6822A1007CB50C /* GitTestTests */,
				01B8BD6D1D6822A1007CB50C /* GitTestUITests */,
			);
		};
/* End PBXProject section */

/* Begin PBXResourcesBuildPhase section */
		01B8BD481D6822A0007CB50C /* Resources */ = {
			isa = PBXResourcesBuildPhase;
			buildActionMask = 2147483647;
			files = (
				01B8BD5D1D6822A1007CB50C /* LaunchScreen.storyboard in Resources */,
				01B8BD5A1D6822A1007CB50C /* Assets.xcassets in Resources */,
				01B8BD581D6822A1007CB50C /* Main.storyboard in Resources */,
			);
			runOnlyForDeploymentPostprocessing = 0;
		};
		01B8BD611D6822A1007CB50C /* Resources */ = {
			isa = PBXResourcesBuildPhase;
			buildActionMask = 2147483647;
			files = (
			);
			runOnlyForDeploymentPostprocessing = 0;
		};
		01B8BD6C1D6822A1007CB50C /* Resources */ = {
			isa = PBXResourcesBuildPhase;
			buildActionMask = 2147483647;
			files = (
			);
			runOnlyForDeploymentPostprocessing = 0;
		};
/* End PBXResourcesBuildPhase section */

/* Begin PBXSourcesBuildPhase section */
		01B8BD461D6822A0007CB50C /* Sources */ = {
			isa = PBXSourcesBuildPhase;
			buildActionMask = 2147483647;
			files = (
				01B8BD551D6822A1007CB50C /* ViewController.m in Sources */,
				01B8BD521D6822A1007CB50C /* AppDelegate.m in Sources */,
				01B8BD4F1D6822A1007CB50C /* main.m in Sources */,
			);
			runOnlyForDeploymentPostprocessing = 0;
		};
		01B8BD5F1D6822A1007CB50C /* Sources */ = {
			isa = PBXSourcesBuildPhase;
			buildActionMask = 2147483647;
			files = (
				01B8BD681D6822A1007CB50C /* GitTestTests.m in Sources */,
			);
			runOnlyForDeploymentPostprocessing = 0;
		};
		01B8BD6A1D6822A1007CB50C /* Sources */ = {
			isa = PBXSourcesBuildPhase;
			buildActionMask = 2147483647;
			files = (
				01B8BD731D6822A1007CB50C /* GitTestUITests.m in Sources */,
			);
			runOnlyForDeploymentPostprocessing = 0;
		};
/* End PBXSourcesBuildPhase section */

/* Begin PBXTargetDependency section */
		01B8BD651D6822A1007CB50C /* PBXTargetDependency */ = {
			isa = PBXTargetDependency;
			target = 01B8BD491D6822A0007CB50C /* GitTest */;
			targetProxy = 01B8BD641D6822A1007CB50C /* PBXContainerItemProxy */;
		};
		01B8BD701D6822A1007CB50C /* PBXTargetDependency */ = {
			isa = PBXTargetDependency;
			target = 01B8BD491D6822A0007CB50C /* GitTest */;
			targetProxy = 01B8BD6F1D6822A1007CB50C /* PBXContainerItemProxy */;
		};
/* End PBXTargetDependency section */

/* Begin PBXVariantGroup section */
		01B8BD561D6822A1007CB50C /* Main.storyboard */ = {
			isa = PBXVariantGroup;
			children = (
				01B8BD571D6822A1007CB50C /* Base */,
			);
			name = Main.storyboard;
			sourceTree = "<group>";
		};
		01B8BD5B1D6822A1007CB50C /* LaunchScreen.storyboard */ = {
			isa = PBXVariantGroup;
			children = (
				01B8BD5C1D6822A1007CB50C /* Base */,
			);
			name = LaunchScreen.storyboard;
			sourceTree = "<group>";
		};
/* End PBXVariantGroup section */

/* Begin XCBuildConfiguration section */
		01B8BD751D6822A1007CB50C /* Debug */ = {
			isa = XCBuildConfiguration;
			buildSettings = {
				ALWAYS_SEARCH_USER_PATHS = NO;
				CLANG_ANALYZER_NONNULL = YES;
				CLANG_CXX_LANGUAGE_STANDARD = "gnu++0x";
				CLANG_CXX_LIBRARY = "libc++";
				CLANG_ENABLE_MODULES = YES;
				CLANG_ENABLE_OBJC_ARC = YES;
				CLANG_WARN_BOOL_CONVERSION = YES;
				CLANG_WARN_CONSTANT_CONVERSION = YES;
				CLANG_WARN_DIRECT_OBJC_ISA_USAGE = YES_ERROR;
				CLANG_WARN_EMPTY_BODY = YES;
				CLANG_WARN_ENUM_CONVERSION = YES;
				CLANG_WARN_INT_CONVERSION = YES;
				CLANG_WARN_OBJC_ROOT_CLASS = YES_ERROR;
				CLANG_WARN_UNREACHABLE_CODE = YES;
				CLANG_WARN__DUPLICATE_METHOD_MATCH = YES;
				"CODE_SIGN_IDENTITY[sdk=iphoneos*]" = "iPhone Developer";
				COPY_PHASE_STRIP = NO;
				DEBUG_INFORMATION_FORMAT = dwarf;
				ENABLE_STRICT_OBJC_MSGSEND = YES;
				ENABLE_TESTABILITY = YES;
				GCC_C_LANGUAGE_STANDARD = gnu99;
				GCC_DYNAMIC_NO_PIC = NO;
				GCC_NO_COMMON_BLOCKS = YES;
				GCC_OPTIMIZATION_LEVEL = 0;
				GCC_PREPROCESSOR_DEFINITIONS = (
					"DEBUG=1",
					"$(inherited)",
				);
				GCC_WARN_64_TO_32_BIT_CONVERSION = YES;
				GCC_WARN_ABOUT_RETURN_TYPE = YES_ERROR;
				GCC_WARN_UNDECLARED_SELECTOR = YES;
				GCC_WARN_UNINITIALIZED_AUTOS = YES_AGGRESSIVE;
				GCC_WARN_UNUSED_FUNCTION = YES;
				GCC_WARN_UNUSED_VARIABLE = YES;
				IPHONEOS_DEPLOYMENT_TARGET = 9.3;
				MTL_ENABLE_DEBUG_INFO = YES;
				ONLY_ACTIVE_ARCH = YES;
				SDKROOT = iphoneos;
			};
			name = Debug;
		};
		01B8BD761D6822A1007CB50C /* Release */ = {
			isa = XCBuildConfiguration;
			buildSettings = {
				ALWAYS_SEARCH_USER_PATHS = NO;
				CLANG_ANALYZER_NONNULL = YES;
				CLANG_CXX_LANGUAGE_STANDARD = "gnu++0x";
				CLANG_CXX_LIBRARY = "libc++";
				CLANG_ENABLE_MODULES = YES;
				CLANG_ENABLE_OBJC_ARC = YES;
				CLANG_WARN_BOOL_CONVERSION = YES;
				CLANG_WARN_CONSTANT_CONVERSION = YES;
				CLANG_WARN_DIRECT_OBJC_ISA_USAGE = YES_ERROR;
				CLANG_WARN_EMPTY_BODY = YES;
				CLANG_WARN_ENUM_CONVERSION = YES;
				CLANG_WARN_INT_CONVERSION = YES;
				CLANG_WARN_OBJC_ROOT_CLASS = YES_ERROR;
				CLANG_WARN_UNREACHABLE_CODE = YES;
				CLANG_WARN__DUPLICATE_METHOD_MATCH = YES;
				"CODE_SIGN_IDENTITY[sdk=iphoneos*]" = "iPhone Developer";
				COPY_PHASE_STRIP = NO;
				DEBUG_INFORMATION_FORMAT = "dwarf-with-dsym";
				ENABLE_NS_ASSERTIONS = NO;
				ENABLE_STRICT_OBJC_MSGSEND = YES;
				GCC_C_LANGUAGE_STANDARD = gnu99;
				GCC_NO_COMMON_BLOCKS = YES;
				GCC_WARN_64_TO_32_BIT_CONVERSION = YES;
				GCC_WARN_ABOUT_RETURN_TYPE = YES_ERROR;
				GCC_WARN_UNDECLARED_SELECTOR = YES;
				GCC_WARN_UNINITIALIZED_AUTOS = YES_AGGRESSIVE;
				GCC_WARN_UNUSED_FUNCTION = YES;
				GCC_WARN_UNUSED_VARIABLE = YES;
				IPHONEOS_DEPLOYMENT_TARGET = 9.3;
				MTL_ENABLE_DEBUG_INFO = NO;
				SDKROOT = iphoneos;
				VALIDATE_PRODUCT = YES;
			};
			name = Release;
		};
		01B8BD781D6822A1007CB50C /* Debug */ = {
			isa = XCBuildConfiguration;
			buildSettings = {
				ASSETCATALOG_COMPILER_APPICON_NAME = AppIcon;
				INFOPLIST_FILE = GitTest/Info.plist;
				LD_RUNPATH_SEARCH_PATHS = "$(inherited) @executable_path/Frameworks";
				PRODUCT_BUNDLE_IDENTIFIER = com.qyer.GitTest;
				PRODUCT_NAME = "$(TARGET_NAME)";
			};
			name = Debug;
		};
		01B8BD791D6822A1007CB50C /* Release */ = {
			isa = XCBuildConfiguration;
			buildSettings = {
				ASSETCATALOG_COMPILER_APPICON_NAME = AppIcon;
				INFOPLIST_FILE = GitTest/Info.plist;
				LD_RUNPATH_SEARCH_PATHS = "$(inherited) @executable_path/Frameworks";
				PRODUCT_BUNDLE_IDENTIFIER = com.qyer.GitTest;
				PRODUCT_NAME = "$(TARGET_NAME)";
			};
			name = Release;
		};
		01B8BD7B1D6822A1007CB50C /* Debug */ = {
			isa = XCBuildConfiguration;
			buildSettings = {
				BUNDLE_LOADER = "$(TEST_HOST)";
				INFOPLIST_FILE = GitTestTests/Info.plist;
				LD_RUNPATH_SEARCH_PATHS = "$(inherited) @executable_path/Frameworks @loader_path/Frameworks";
				PRODUCT_BUNDLE_IDENTIFIER = com.qyer.GitTestTests;
				PRODUCT_NAME = "$(TARGET_NAME)";
				TEST_HOST = "$(BUILT_PRODUCTS_DIR)/GitTest.app/GitTest";
			};
			name = Debug;
		};
		01B8BD7C1D6822A1007CB50C /* Release */ = {
			isa = XCBuildConfiguration;
			buildSettings = {
				BUNDLE_LOADER = "$(TEST_HOST)";
				INFOPLIST_FILE = GitTestTests/Info.plist;
				LD_RUNPATH_SEARCH_PATHS = "$(inherited) @executable_path/Frameworks @loader_path/Frameworks";
				PRODUCT_BUNDLE_IDENTIFIER = com.qyer.GitTestTests;
				PRODUCT_NAME = "$(TARGET_NAME)";
				TEST_HOST = "$(BUILT_PRODUCTS_DIR)/GitTest.app/GitTest";
			};
			name = Release;
		};
		01B8BD7E1D6822A1007CB50C /* Debug */ = {
			isa = XCBuildConfiguration;
			buildSettings = {
				INFOPLIST_FILE = GitTestUITests/Info.plist;
				LD_RUNPATH_SEARCH_PATHS = "$(inherited) @executable_path/Frameworks @loader_path/Frameworks";
				PRODUCT_BUNDLE_IDENTIFIER = com.qyer.GitTestUITests;
				PRODUCT_NAME = "$(TARGET_NAME)";
				TEST_TARGET_NAME = GitTest;
			};
			name = Debug;
		};
		01B8BD7F1D6822A1007CB50C /* Release */ = {
			isa = XCBuildConfiguration;
			buildSettings = {
				INFOPLIST_FILE = GitTestUITests/Info.plist;
				LD_RUNPATH_SEARCH_PATHS = "$(inherited) @executable_path/Frameworks @loader_path/Frameworks";
				PRODUCT_BUNDLE_IDENTIFIER = com.qyer.GitTestUITests;
				PRODUCT_NAME = "$(TARGET_NAME)";
				TEST_TARGET_NAME = GitTest;
			};
			name = Release;
		};
/* End XCBuildConfiguration section */

/* Begin XCConfigurationList section */
		01B8BD451D6822A0007CB50C /* Build configuration list for PBXProject "GitTest" */ = {
			isa = XCConfigurationList;
			buildConfigurations = (
				01B8BD751D6822A1007CB50C /* Debug */,
				01B8BD761D6822A1007CB50C /* Release */,
			);
			defaultConfigurationIsVisible = 0;
			defaultConfigurationName = Release;
		};
		01B8BD771D6822A1007CB50C /* Build configuration list for PBXNativeTarget "GitTest" */ = {
			isa = XCConfigurationList;
			buildConfigurations = (
				01B8BD781D6822A1007CB50C /* Debug */,
				01B8BD791D6822A1007CB50C /* Release */,
			);
			defaultConfigurationIsVisible = 0;
			defaultConfigurationName = Release;
		};
		01B8BD7A1D6822A1007CB50C /* Build configuration list for PBXNativeTarget "GitTestTests" */ = {
			isa = XCConfigurationList;
			buildConfigurations = (
				01B8BD7B1D6822A1007CB50C /* Debug */,
				01B8BD7C1D6822A1007CB50C /* Release */,
			);
			defaultConfigurationIsVisible = 0;
			defaultConfigurationName = Release;
		};
		01B8BD7D1D6822A1007CB50C /* Build configuration list for PBXNativeTarget "GitTestUITests" */ = {
			isa = XCConfigurationList;
			buildConfigurations = (
				01B8BD7E1D6822A1007CB50C /* Debug */,
				01B8BD7F1D6822A1007CB50C /* Release */,
			);
			defaultConfigurationIsVisible = 0;
			defaultConfigurationName = Release;
		};
/* End XCConfigurationList section */
	};
	rootObject = 01B8BD421D6822A0007CB50C /* Project object */;
}
